
Microsoft Visual Studio Solution File, Format Version 12.00
# Visual Studio Version 16
VisualStudioVersion = 16.0.29009.5
MinimumVisualStudioVersion = 15.0.26124.0
Project("{9A19103F-16F7-4668-BE54-9A1E7A4F7556}") = "CSharpFastPFOR", "CSharpFastPFOR\CSharpFastPFOR.csproj", "{D8FC173D-E21E-4493-A8C3-44B22AB15627}"
EndProject
Project("{9A19103F-16F7-4668-BE54-9A1E7A4F7556}") = "CSharpFastPFOR.Benchmarks", "CSharpFastPFOR.Benchmarks\CSharpFastPFOR.Benchmarks.csproj", "{A3193F56-14E3-4E88-BBAD-9C6B91A2A2B7}"
EndProject
Project("{9A19103F-16F7-4668-BE54-9A1E7A4F7556}") = "CSharpFastPFOR.Tests", "CSharpFastPFOR.Tests\CSharpFastPFOR.Tests.csproj", "{1BBE6772-7D66-42F3-867D-DFE6AACFE2DF}"
EndProject
Project("{2150E333-8FDC-42A3-9474-1A3956D46DE8}") = "Imports", "Imports", "{EDAA6B5E-A9FB-4AD2-8FDA-3A0FD7AD5F62}"
	ProjectSection(SolutionItems) = preProject
		..\Properties.targets = ..\Properties.targets
	EndProjectSection
EndProject
Global
	GlobalSection(SolutionConfigurationPlatforms) = preSolution
		Debug|Any CPU = Debug|Any CPU
		Debug|x64 = Debug|x64
		Debug|x86 = Debug|x86
		Release|Any CPU = Release|Any CPU
		Release|x64 = Release|x64
		Release|x86 = Release|x86
	EndGlobalSection
	GlobalSection(ProjectConfigurationPlatforms) = postSolution
		{D8FC173D-E21E-4493-A8C3-44B22AB15627}.Debug|Any CPU.ActiveCfg = Debug|Any CPU
		{D8FC173D-E21E-4493-A8C3-44B22AB15627}.Debug|Any CPU.Build.0 = Debug|Any CPU
		{D8FC173D-E21E-4493-A8C3-44B22AB15627}.Debug|x64.ActiveCfg = Debug|Any CPU
		{D8FC173D-E21E-4493-A8C3-44B22AB15627}.Debug|x64.Build.0 = Debug|Any CPU
		{D8FC173D-E21E-4493-A8C3-44B22AB15627}.Debug|x86.ActiveCfg = Debug|Any CPU
		{D8FC173D-E21E-4493-A8C3-44B22AB15627}.Debug|x86.Build.0 = Debug|Any CPU
		{D8FC173D-E21E-4493-A8C3-44B22AB15627}.Release|Any CPU.ActiveCfg = Release|Any CPU
		{D8FC173D-E21E-4493-A8C3-44B22AB15627}.Release|Any CPU.Build.0 = Release|Any CPU
		{D8FC173D-E21E-4493-A8C3-44B22AB15627}.Release|x64.ActiveCfg = Release|Any CPU
		{D8FC173D-E21E-4493-A8C3-44B22AB15627}.Release|x64.Build.0 = Release|Any CPU
		{D8FC173D-E21E-4493-A8C3-44B22AB15627}.Release|x86.ActiveCfg = Release|Any CPU
		{D8FC173D-E21E-4493-A8C3-44B22AB15627}.Release|x86.Build.0 = Release|Any CPU
		{A3193F56-14E3-4E88-BBAD-9C6B91A2A2B7}.Debug|Any CPU.ActiveCfg = Debug|Any CPU
		{A3193F56-14E3-4E88-BBAD-9C6B91A2A2B7}.Debug|Any CPU.Build.0 = Debug|Any CPU
		{A3193F56-14E3-4E88-BBAD-9C6B91A2A2B7}.Debug|x64.ActiveCfg = Debug|Any CPU
		{A3193F56-14E3-4E88-BBAD-9C6B91A2A2B7}.Debug|x64.Build.0 = Debug|Any CPU
		{A3193F56-14E3-4E88-BBAD-9C6B91A2A2B7}.Debug|x86.ActiveCfg = Debug|Any CPU
		{A3193F56-14E3-4E88-BBAD-9C6B91A2A2B7}.Debug|x86.Build.0 = Debug|Any CPU
		{A3193F56-14E3-4E88-BBAD-9C6B91A2A2B7}.Release|Any CPU.ActiveCfg = Release|Any CPU
		{A3193F56-14E3-4E88-BBAD-9C6B91A2A2B7}.Release|Any CPU.Build.0 = Release|Any CPU
		{A3193F56-14E3-4E88-BBAD-9C6B91A2A2B7}.Release|x64.ActiveCfg = Release|Any CPU
		{A3193F56-14E3-4E88-BBAD-9C6B91A2A2B7}.Release|x64.Build.0 = Release|Any CPU
		{A3193F56-14E3-4E88-BBAD-9C6B91A2A2B7}.Release|x86.ActiveCfg = Release|Any CPU
		{A3193F56-14E3-4E88-BBAD-9C6B91A2A2B7}.Release|x86.Build.0 = Release|Any CPU
		{1BBE6772-7D66-42F3-867D-DFE6AACFE2DF}.Debug|Any CPU.ActiveCfg = Debug|Any CPU
		{1BBE6772-7D66-42F3-867D-DFE6AACFE2DF}.Debug|Any CPU.Build.0 = Debug|Any CPU
		{1BBE6772-7D66-42F3-867D-DFE6AACFE2DF}.Debug|x64.ActiveCfg = Debug|Any CPU
		{1BBE6772-7D66-42F3-867D-DFE6AACFE2DF}.Debug|x64.Build.0 = Debug|Any CPU
		{1BBE6772-7D66-42F3-867D-DFE6AACFE2DF}.Debug|x86.ActiveCfg = Debug|Any CPU
		{1BBE6772-7D66-42F3-867D-DFE6AACFE2DF}.Debug|x86.Build.0 = Debug|Any CPU
		{1BBE6772-7D66-42F3-867D-DFE6AACFE2DF}.Release|Any CPU.ActiveCfg = Release|Any CPU
		{1BBE6772-7D66-42F3-867D-DFE6AACFE2DF}.Release|Any CPU.Build.0 = Release|Any CPU
		{1BBE6772-7D66-42F3-867D-DFE6AACFE2DF}.Release|x64.ActiveCfg = Release|Any CPU
		{1BBE6772-7D66-42F3-867D-DFE6AACFE2DF}.Release|x64.Build.0 = Release|Any CPU
		{1BBE6772-7D66-42F3-867D-DFE6AACFE2DF}.Release|x86.ActiveCfg = Release|Any CPU
		{1BBE6772-7D66-42F3-867D-DFE6AACFE2DF}.Release|x86.Build.0 = Release|Any CPU
	EndGlobalSection
	GlobalSection(SolutionProperties) = preSolution
		HideSolutionNode = FALSE
	EndGlobalSection
	GlobalSection(ExtensibilityGlobals) = postSolution
		SolutionGuid = {0C8D26C5-574B-42EB-8B53-B5B5E223B04F}
	EndGlobalSection
EndGlobal
